
Microsoft Visual Studio Solution File, Format Version 12.00
# Visual Studio Version 17
VisualStudioVersion = 17.9.34607.119
MinimumVisualStudioVersion = 10.0.40219.1
Project("{9A19103F-16F7-4668-BE54-9A1E7A4F7556}") = "PostCreator.WebApp", "PostCreator.WebApp\PostCreator.WebApp.csproj", "{7030298E-4991-4B0F-BF82-9D7882AE0E47}"
EndProject
Project("{9A19103F-16F7-4668-BE54-9A1E7A4F7556}") = "PostCreator.Core", "PostCreator.Core\PostCreator.Core.csproj", "{22376D84-A3DD-4F35-9AFE-5047980AA7CD}"
EndProject
Project("{9A19103F-16F7-4668-BE54-9A1E7A4F7556}") = "PostCreator.Infrastructure", "PostCreator.Infrastructure\PostCreator.Infrastructure.csproj", "{0E8591C5-AFE1-4215-B81A-C097E50EA5EC}"
EndProject
Global
	GlobalSection(SolutionConfigurationPlatforms) = preSolution
		Debug|Any CPU = Debug|Any CPU
		Release|Any CPU = Release|Any CPU
	EndGlobalSection
	GlobalSection(ProjectConfigurationPlatforms) = postSolution
		{7030298E-4991-4B0F-BF82-9D7882AE0E47}.Debug|Any CPU.ActiveCfg = Debug|Any CPU
		{7030298E-4991-4B0F-BF82-9D7882AE0E47}.Debug|Any CPU.Build.0 = Debug|Any CPU
		{7030298E-4991-4B0F-BF82-9D7882AE0E47}.Release|Any CPU.ActiveCfg = Release|Any CPU
		{7030298E-4991-4B0F-BF82-9D7882AE0E47}.Release|Any CPU.Build.0 = Release|Any CPU
		{22376D84-A3DD-4F35-9AFE-5047980AA7CD}.Debug|Any CPU.ActiveCfg = Debug|Any CPU
		{22376D84-A3DD-4F35-9AFE-5047980AA7CD}.Debug|Any CPU.Build.0 = Debug|Any CPU
		{22376D84-A3DD-4F35-9AFE-5047980AA7CD}.Release|Any CPU.ActiveCfg = Release|Any CPU
		{22376D84-A3DD-4F35-9AFE-5047980AA7CD}.Release|Any CPU.Build.0 = Release|Any CPU
		{0E8591C5-AFE1-4215-B81A-C097E50EA5EC}.Debug|Any CPU.ActiveCfg = Debug|Any CPU
		{0E8591C5-AFE1-4215-B81A-C097E50EA5EC}.Debug|Any CPU.Build.0 = Debug|Any CPU
		{0E8591C5-AFE1-4215-B81A-C097E50EA5EC}.Release|Any CPU.ActiveCfg = Release|Any CPU
		{0E8591C5-AFE1-4215-B81A-C097E50EA5EC}.Release|Any CPU.Build.0 = Release|Any CPU
	EndGlobalSection
	GlobalSection(SolutionProperties) = preSolution
		HideSolutionNode = FALSE
	EndGlobalSection
	GlobalSection(ExtensibilityGlobals) = postSolution
		SolutionGuid = {CAF17149-03FE-43F0-83F3-647E95943274}
	EndGlobalSection
EndGlobal
